github.com/aaronland/go-http-bootstrap v0.0.2 h1:5lMN2tY7ID8Tv5bFtAuKonX1CxLHEOs1VcwAKza17n8=
github.com/aaronland/go-http-bootstrap v0.0.2/go.mod h1:qDKoTlgqhqnYHcvSHGkH7Jrx7uz0t25HpsDv6MIFQio=
github.com/aaronland/go-http-bootstrap v0.0.3 h1:rzjbj0hD2bcDrUSnU63QgdwoYY7wSp8l/jTLumDcGlA=
github.com/aaronland/go-http-bootstrap v0.0.3/go.mod h1:RzgPzdG7EYaM7m7mHcTryXoswp7zyu9jtV071j/xgpc=
github.com/aaronland/go-http-bootstrap v0.0.4 h1:1jQkQ3lUqmJkdFSTWzMuUk+MCnoUDLTejXiCApJ5iCc=
github.com/aaronland/go-http-bootstrap v0.0.4/go.mod h1:RzgPzdG7EYaM7m7mHcTryXoswp7zyu9jtV071j/xgpc=
github.com/aaronland/go-http-rewrite v0.0.1 h1:nQ4qqtOC0QHpEhQeFpRRwdXAEwuhHhgsxQaV3hDT8iw=
github.com/aaronland/go-http-rewrite v0.0.1/go.mod h1:g62jjXpsArD0lzJLs9bVLR9Locdt3f4OmqFkkJL2rQU=
github.com/aaronland/go-http-rewrite v0.0.2 h1:H9uW+mL6V//BS927a9rFBSkOKDL3bGIlaPiVIC6UN3I=
github.com/aaronland/go-http-rewrite v0.0.2/go.mod h1:g62jjXpsArD0lzJLs9bVLR9Locdt3f4OmqFkkJL2rQU=
github.com/aaronland/go-http-sanitize v0.0.4 h1:oAYe5DbtbDS6x5Rygv5II6fDHzATGIAyY4/ZDZ63G2w=
github.com/aaronland/go-http-sanitize v0.0.4/go.mod h1:qUi4rzUPcpMntpUFnHK00yQI5vd/Q7x9MFYwX91/ygI=
github.com/abbot/go-http-auth v0.4.0 h1:QjmvZ5gSC7jm3Zg54DqWE/T5m1t2AfDu6QlXJT0EVT0=
github.com/abbot/go-http-auth v0.4.0/go.mod h1:Cz6ARTIzApMJDzh5bRMSUou6UMSp0IEXg9km/ci7TJM=
github.com/akrylysov/algnhsa v0.0.0-20190319020909-05b3d192e9a7/go.mod h1:HhzjNA0EjUWcwHTUMwqrpeAdIF3gRmpH0HpWx1hYJSc=
github.com/aws/aws-lambda-go v1.9.0/go.mod h1:zUsUQhAUjYzR8AuduJPCfhBuKWUaDbQiPOG+ouzmE1A=
github.com/aws/aws-lambda-go v1.10.0 h1:uafgdfYGQD0UeT7d2uKdyWW8j/ZYRifRPIdmeqLzLCk=
github.com/aws/aws-lambda-go v1.10.0/go.mod h1:zUsUQhAUjYzR8AuduJPCfhBuKWUaDbQiPOG+ouzmE1A=
github.com/davecgh/go-spew v1.1.0/go.mod h1:J7Y8YcW2NihsgmVo/mv3lAwl/skON4iLHjSsI+c5H38=
github.com/go-ini/ini v1.42.0 h1:TWr1wGj35+UiWHlBA8er89seFXxzwFn11spilrrj+38=
github.com/go-ini/ini v1.42.0/go.mod h1:ByCAeIL28uOIIG0E3PJtZPDL8WnHpFKFOtgjp+3Ies8=
github.com/gopherjs/gopherjs v0.0.0-20181017120253-0766667cb4d1/go.mod h1:wJfORRmW1u3UXTncJ5qlYoELFm8eSnnEO6hX4iZ3EWY=
github.com/jtolds/gls v4.20.0+incompatible/go.mod h1:QJZ7F/aHp+rZTRtaJ1ow/lLfFfVYBRgL+9YlvaHOwJU=
github.com/pmezard/go-difflib v1.0.0/go.mod h1:iKH77koFhYxTK1pcRnkKkqfTogsbg7gZNVY4sRDYZ/4=
github.com/sfomuseum/go-placeholder-client v0.0.0-20190823231203-babac5a8ec62 h1:YGejfVUSP5pg7UTEVpH26+h5SUsmnVd3jOpFecS1Fyk=
github.com/sfomuseum/go-placeholder-client v0.0.0-20190823231203-babac5a8ec62/go.mod h1:YpOxi2qgjCb7agCUMuuv0vZTShHS7n1EJ70bBRr5+hI=
github.com/smartystreets/assertions v0.0.0-20180927180507-b2de0cb4f26d/go.mod h1:OnSkiWE9lh6wB0YB77sQom3nweQdgAjqCqsofrRNTgc=
github.com/smartystreets/goconvey v0.0.0-20190330032615-68dc04aab96a/go.mod h1:syvi0/a8iFYH4r/RixwvyeAJjdLS9QV7WQ/tjFTllLA=
github.com/stretchr/objx v0.1.0/go.mod h1:HFkY916IF+rwdDfMAkV7OtwuqBVzrE8GR6GFx+wExME=
github.com/stretchr/testify v1.3.0/go.mod h1:M5WIy9Dh21IEIfnGCwXGc5bZfKNJtfHm1UVUgZn+9EI=
github.com/whosonfirst/algnhsa v0.1.0 h1:8wVksKaz1qor2Y6+fiLEPEPxsEEvUQgSdtSTQLMrnlA=
github.com/whosonfirst/algnhsa v0.1.0/go.mod h1:swLBXxaVTv3s6dJLhekdQCuCTshUew+xHjptRC21RG0=
github.com/whosonfirst/go-bindata v0.1.0 h1:SIjIa/+blKoda8iTaWqxzwFtEc00jNcB2M9dRwGemrg=
github.com/whosonfirst/go-bindata v0.1.0/go.mod h1:qaBkVepgCeknoVuYsUXTJpnlxqrEcZzaIaqZ6XaK+Hk=
github.com/whosonfirst/go-bindata-assetfs v1.0.1 h1:AA328GrND8/uDkf5+5U9Fakgr7QkzET/a6uuXDYpQp0=
github.com/whosonfirst/go-bindata-assetfs v1.0.1/go.mod h1:ZCQnq9roYYk19IAwLQyMnDPSmE+lns9K85+85JSQ4DI=
github.com/whosonfirst/go-http-nextzenjs v0.1.1 h1:0I/gbYPbw6qNGNfqb/ME4KCjgCg8RZk677lZjFmndpw=
github.com/whosonfirst/go-http-nextzenjs v0.1.1/go.mod h1:Wn7C4qlWF0H5TTu1gasyqiRowHTo7G05HTEO/AUDKLA=
github.com/whosonfirst/go-http-nextzenjs v0.1.2 h1:9yn2+KqbtDuMujADK7dwIyD077lS67X7a80EOrATFI4=
github.com/whosonfirst/go-http-nextzenjs v0.1.2/go.mod h1:c7YU2W4Nrk8NR6rF4BrJgcs8q2PzceYWNBkzt5RPn5E=
github.com/whosonfirst/go-sanitize v0.1.0 h1:ygSqCnakwdzH/m8UEa15zXGDsoo5/JJeRkgmAjXZrBU=
github.com/whosonfirst/go-sanitize v0.1.0/go.mod h1:p/emgbafMM0p5iVAz2XWwecYPl06Tw4Jos9rhTKIrt8=
github.com/whosonfirst/go-whosonfirst-cli v0.1.0 h1:Wwj9z0R/ryHmPmpVm5jCbXdG4agJzKMWXDtPVReN/KA=
github.com/whosonfirst/go-whosonfirst-cli v0.1.0/go.mod h1:Edy+amD+fMq1QS1yxB3u8maA8I93q/LG7JRNh+fsdfc=
golang.org/x/crypto v0.0.0-20190308221718-c2843e01d9a2 h1:VklqNMn3ovrHsnt90PveolxSbWFaJdECFbxSq0Mqo2M=
golang.org/x/crypto v0.0.0-20190308221718-c2843e01d9a2/go.mod h1:djNgcEr1/C05ACkg1iLfiJU5Ep61QUkGW8qpdssI0+w=
golang.org/x/net v0.0.0-20190311183353-d8887717615a/go.mod h1:t9HGtf8HONx5eT2rtn7q6eTqICYqUVnKs3thJo3Qplg=
golang.org/x/net v0.0.0-20190613194153-d28f0bde5980/go.mod h1:z5CRVTTTmAJ677TzLLGU+0bjPO0LkuOLi4/5GtJWs/s=
golang.org/x/net v0.0.0-20190628185345-da137c7871d7 h1:rTIdg5QFRR7XCaK4LCjBiPbx8j4DQRpdYMnGn/bJUEU=
golang.org/x/net v0.0.0-20190628185345-da137c7871d7/go.mod h1:z5CRVTTTmAJ677TzLLGU+0bjPO0LkuOLi4/5GtJWs/s=
golang.org/x/sys v0.0.0-20190215142949-d0b11bdaac8a/go.mod h1:STP8DvDyc/dI5b8T5hshtkjS+E42TnysNCUPdjciGhY=
golang.org/x/text v0.3.0/go.mod h1:NqM8EUOU14njkJ3fqMW+pc6Ldnwhi/IjpwHt7yyuwOQ=
golang.org/x/tools v0.0.0-20190328211700-ab21143f2384/go.mod h1:LCzVGOaR6xXOjkQ3onu1FJEFr0SW1gC7cKk1uF8kGRs=
gopkg.in/ini.v1 v1.42.0/go.mod h1:pNLf8WUiyNEtQjuu5G5vTm06TEv9tsIgeAvK8hOrP4k=
